github.com/eiannone/keyboard v0.0.0-20200508000154-caf4b762e807 h1:jdjd5e68T4R/j4PWxfZqcKY8KtT9oo8IPNVuV4bSXDQ=
github.com/eiannone/keyboard v0.0.0-20200508000154-caf4b762e807/go.mod h1:Xoiu5VdKMvbRgHuY7+z64lhu/7lvax/22nzASF6GrO8=
github.com/micmonay/keybd_event v1.1.1 h1:rv7omwXWYL9Lgf3PUq6uBgJI2k1yGkL/GD6dxc6nmSs=
github.com/micmonay/keybd_event v1.1.1/go.mod h1:CGMWMDNgsfPljzrAWoybUOSKafQPZpv+rLigt2LzNGI=
golang.org/x/sys v0.0.0-20211205182925-97ca703d548d h1:FjkYO/PPp4Wi0EAUOVLxePm7qVW4r4ctbWpURyuOD0E=
golang.org/x/sys v0.0.0-20211205182925-97ca703d548d/go.mod h1:oPkhp1MJrh7nUepCBck5+mAzfO9JrbApNNgaTdGDITg=
